
Microsoft Visual Studio Solution File, Format Version 12.00
# Visual Studio Version 17
VisualStudioVersion = 17.8.34330.188
MinimumVisualStudioVersion = 10.0.40219.1
Project("{9A19103F-16F7-4668-BE54-9A1E7A4F7556}") = "Metotlarr", "Metotlarr\Metotlarr.csproj", "{D67B6416-C1DB-4F8F-A29E-8537BA7DB067}"
EndProject
Project("{9A19103F-16F7-4668-BE54-9A1E7A4F7556}") = "DortIslem", "DortIslem\DortIslem.csproj", "{4A4D2645-0E4A-454D-AB6F-459B8FD91CD8}"
EndProject
Project("{FAE04EC0-301F-11D3-BF4B-00C04F79EFBC}") = "DegerVeReferansTipler", "DegerVeReferansTipler\DegerVeReferansTipler.csproj", "{32467675-1B16-4A52-86F3-FA1B13D836F3}"
EndProject
Global
	GlobalSection(SolutionConfigurationPlatforms) = preSolution
		Debug|Any CPU = Debug|Any CPU
		Release|Any CPU = Release|Any CPU
	EndGlobalSection
	GlobalSection(ProjectConfigurationPlatforms) = postSolution
		{D67B6416-C1DB-4F8F-A29E-8537BA7DB067}.Debug|Any CPU.ActiveCfg = Debug|Any CPU
		{D67B6416-C1DB-4F8F-A29E-8537BA7DB067}.Debug|Any CPU.Build.0 = Debug|Any CPU
		{D67B6416-C1DB-4F8F-A29E-8537BA7DB067}.Release|Any CPU.ActiveCfg = Release|Any CPU
		{D67B6416-C1DB-4F8F-A29E-8537BA7DB067}.Release|Any CPU.Build.0 = Release|Any CPU
		{4A4D2645-0E4A-454D-AB6F-459B8FD91CD8}.Debug|Any CPU.ActiveCfg = Debug|Any CPU
		{4A4D2645-0E4A-454D-AB6F-459B8FD91CD8}.Debug|Any CPU.Build.0 = Debug|Any CPU
		{4A4D2645-0E4A-454D-AB6F-459B8FD91CD8}.Release|Any CPU.ActiveCfg = Release|Any CPU
		{4A4D2645-0E4A-454D-AB6F-459B8FD91CD8}.Release|Any CPU.Build.0 = Release|Any CPU
		{32467675-1B16-4A52-86F3-FA1B13D836F3}.Debug|Any CPU.ActiveCfg = Debug|Any CPU
		{32467675-1B16-4A52-86F3-FA1B13D836F3}.Debug|Any CPU.Build.0 = Debug|Any CPU
		{32467675-1B16-4A52-86F3-FA1B13D836F3}.Release|Any CPU.ActiveCfg = Release|Any CPU
		{32467675-1B16-4A52-86F3-FA1B13D836F3}.Release|Any CPU.Build.0 = Release|Any CPU
	EndGlobalSection
	GlobalSection(SolutionProperties) = preSolution
		HideSolutionNode = FALSE
	EndGlobalSection
	GlobalSection(ExtensibilityGlobals) = postSolution
		SolutionGuid = {C808E573-B508-4CDD-8AA7-9C2AC7588B73}
	EndGlobalSection
EndGlobal
